// !$*UTF8*$!
{
	archiveVersion = 1;
	classes = {
	};
	objectVersion = 55;
	objects = {

/* Begin PBXBuildFile section */
		176BDF8A27D183FA000EF955 /* Pin.swift in Sources */ = {isa = PBXBuildFile; fileRef = 176BDF8927D183FA000EF955 /* Pin.swift */; };
		176BDF8C27D18489000EF955 /* Back.swift in Sources */ = {isa = PBXBuildFile; fileRef = 176BDF8B27D18489000EF955 /* Back.swift */; };
		1799E87128255ABA00749A3D /* Taken.swift in Sources */ = {isa = PBXBuildFile; fileRef = 1799E87028255ABA00749A3D /* Taken.swift */; };
		1799E87328255AF100749A3D /* Open.swift in Sources */ = {isa = PBXBuildFile; fileRef = 1799E87228255AF100749A3D /* Open.swift */; };
		9549862E27C87B9E00C735F7 /* MapLocation.swift in Sources */ = {isa = PBXBuildFile; fileRef = 9549862D27C87B9E00C735F7 /* MapLocation.swift */; };
		9589F19127C86FE1003FEAE2 /* smart_parkApp.swift in Sources */ = {isa = PBXBuildFile; fileRef = 9589F19027C86FE1003FEAE2 /* smart_parkApp.swift */; };
		9589F19327C86FE1003FEAE2 /* ContentView.swift in Sources */ = {isa = PBXBuildFile; fileRef = 9589F19227C86FE1003FEAE2 /* ContentView.swift */; };
		9589F19527C86FE3003FEAE2 /* Assets.xcassets in Resources */ = {isa = PBXBuildFile; fileRef = 9589F19427C86FE3003FEAE2 /* Assets.xcassets */; };
		9589F19827C86FE3003FEAE2 /* Preview Assets.xcassets in Resources */ = {isa = PBXBuildFile; fileRef = 9589F19727C86FE3003FEAE2 /* Preview Assets.xcassets */; };
		95ACD31527DEADA800AA1953 /* Network.swift in Sources */ = {isa = PBXBuildFile; fileRef = 95ACD31427DEADA800AA1953 /* Network.swift */; };
		95ACD31727DEAE7A00AA1953 /* ParkingSpot.swift in Sources */ = {isa = PBXBuildFile; fileRef = 95ACD31627DEAE7A00AA1953 /* ParkingSpot.swift */; };
/* End PBXBuildFile section */

/* Begin PBXFileReference section */
		176BDF8927D183FA000EF955 /* Pin.swift */ = {isa = PBXFileReference; lastKnownFileType = sourcecode.swift; path = Pin.swift; sourceTree = "<group>"; };
		176BDF8B27D18489000EF955 /* Back.swift */ = {isa = PBXFileReference; lastKnownFileType = sourcecode.swift; path = Back.swift; sourceTree = "<group>"; };
		1799E87028255ABA00749A3D /* Taken.swift */ = {isa = PBXFileReference; lastKnownFileType = sourcecode.swift; path = Taken.swift; sourceTree = "<group>"; };
		1799E87228255AF100749A3D /* Open.swift */ = {isa = PBXFileReference; lastKnownFileType = sourcecode.swift; path = Open.swift; sourceTree = "<group>"; };
		9549862D27C87B9E00C735F7 /* MapLocation.swift */ = {isa = PBXFileReference; lastKnownFileType = sourcecode.swift; path = MapLocation.swift; sourceTree = "<group>"; };
		9589F18D27C86FE1003FEAE2 /* smart-park.app */ = {isa = PBXFileReference; explicitFileType = wrapper.application; includeInIndex = 0; path = "smart-park.app"; sourceTree = BUILT_PRODUCTS_DIR; };
		9589F19027C86FE1003FEAE2 /* smart_parkApp.swift */ = {isa = PBXFileReference; lastKnownFileType = sourcecode.swift; path = smart_parkApp.swift; sourceTree = "<group>"; };
		9589F19227C86FE1003FEAE2 /* ContentView.swift */ = {isa = PBXFileReference; lastKnownFileType = sourcecode.swift; path = ContentView.swift; sourceTree = "<group>"; };
		9589F19427C86FE3003FEAE2 /* Assets.xcassets */ = {isa = PBXFileReference; lastKnownFileType = folder.assetcatalog; path = Assets.xcassets; sourceTree = "<group>"; };
		9589F19727C86FE3003FEAE2 /* Preview Assets.xcassets */ = {isa = PBXFileReference; lastKnownFileType = folder.assetcatalog; path = "Preview Assets.xcassets"; sourceTree = "<group>"; };
		95ACD31427DEADA800AA1953 /* Network.swift */ = {isa = PBXFileReference; lastKnownFileType = sourcecode.swift; path = Network.swift; sourceTree = "<group>"; };
		95ACD31627DEAE7A00AA1953 /* ParkingSpot.swift */ = {isa = PBXFileReference; lastKnownFileType = sourcecode.swift; path = ParkingSpot.swift; sourceTree = "<group>"; };
/* End PBXFileReference section */

/* Begin PBXFrameworksBuildPhase section */
		9589F18A27C86FE1003FEAE2 /* Frameworks */ = {
			isa = PBXFrameworksBuildPhase;
			buildActionMask = 2147483647;
			files = (
			);
			runOnlyForDeploymentPostprocessing = 0;
		};
/* End PBXFrameworksBuildPhase section */

/* Begin PBXGroup section */
		9589F18427C86FE1003FEAE2 = {
			isa = PBXGroup;
			children = (
				9589F18F27C86FE1003FEAE2 /* smart-park */,
				9589F18E27C86FE1003FEAE2 /* Products */,
			);
			sourceTree = "<group>";
		};
		9589F18E27C86FE1003FEAE2 /* Products */ = {
			isa = PBXGroup;
			children = (
				9589F18D27C86FE1003FEAE2 /* smart-park.app */,
			);
			name = Products;
			sourceTree = "<group>";
		};
		9589F18F27C86FE1003FEAE2 /* smart-park */ = {
			isa = PBXGroup;
			children = (
				95ACD31627DEAE7A00AA1953 /* ParkingSpot.swift */,
				95ACD31427DEADA800AA1953 /* Network.swift */,
				9589F19027C86FE1003FEAE2 /* smart_parkApp.swift */,
				9589F19227C86FE1003FEAE2 /* ContentView.swift */,
				176BDF8927D183FA000EF955 /* Pin.swift */,
				1799E87028255ABA00749A3D /* Taken.swift */,
				1799E87228255AF100749A3D /* Open.swift */,
				176BDF8B27D18489000EF955 /* Back.swift */,
				9549862D27C87B9E00C735F7 /* MapLocation.swift */,
				9589F19627C86FE3003FEAE2 /* Preview Content */,
			);
			path = "smart-park";
			sourceTree = "<group>";
		};
		9589F19627C86FE3003FEAE2 /* Preview Content */ = {
			isa = PBXGroup;
			children = (
				9589F19427C86FE3003FEAE2 /* Assets.xcassets */,
				9589F19727C86FE3003FEAE2 /* Preview Assets.xcassets */,
			);
			path = "Preview Content";
			sourceTree = "<group>";
		};
/* End PBXGroup section */

/* Begin PBXNativeTarget section */
		9589F18C27C86FE1003FEAE2 /* smart-park */ = {
			isa = PBXNativeTarget;
			buildConfigurationList = 9589F19B27C86FE3003FEAE2 /* Build configuration list for PBXNativeTarget "smart-park" */;
			buildPhases = (
				9589F18927C86FE1003FEAE2 /* Sources */,
				9589F18A27C86FE1003FEAE2 /* Frameworks */,
				9589F18B27C86FE1003FEAE2 /* Resources */,
			);
			buildRules = (
			);
			dependencies = (
			);
			name = "smart-park";
			productName = "smart-park";
			productReference = 9589F18D27C86FE1003FEAE2 /* smart-park.app */;
			productType = "com.apple.product-type.application";
		};
/* End PBXNativeTarget section */

/* Begin PBXProject section */
		9589F18527C86FE1003FEAE2 /* Project object */ = {
			isa = PBXProject;
			attributes = {
				BuildIndependentTargetsInParallel = 1;
				LastSwiftUpdateCheck = 1310;
				LastUpgradeCheck = 1310;
				TargetAttributes = {
					9589F18C27C86FE1003FEAE2 = {
						CreatedOnToolsVersion = 13.1;
					};
				};
			};
			buildConfigurationList = 9589F18827C86FE1003FEAE2 /* Build configuration list for PBXProject "smart-park" */;
			compatibilityVersion = "Xcode 13.0";
			developmentRegion = en;
			hasScannedForEncodings = 0;
			knownRegions = (
				en,
				Base,
			);
			mainGroup = 9589F18427C86FE1003FEAE2;
			productRefGroup = 9589F18E27C86FE1003FEAE2 /* Products */;
			projectDirPath = "";
			projectRoot = "";
			targets = (
				9589F18C27C86FE1003FEAE2 /* smart-park */,
			);
		};
/* End PBXProject section */

/* Begin PBXResourcesBuildPhase section */
		9589F18B27C86FE1003FEAE2 /* Resources */ = {
			isa = PBXResourcesBuildPhase;
			buildActionMask = 2147483647;
			files = (
				9589F19827C86FE3003FEAE2 /* Preview Assets.xcassets in Resources */,
				9589F19527C86FE3003FEAE2 /* Assets.xcassets in Resources */,
			);
			runOnlyForDeploymentPostprocessing = 0;
		};
/* End PBXResourcesBuildPhase section */

/* Begin PBXSourcesBuildPhase section */
		9589F18927C86FE1003FEAE2 /* Sources */ = {
			isa = PBXSourcesBuildPhase;
			buildActionMask = 2147483647;
			files = (
				9549862E27C87B9E00C735F7 /* MapLocation.swift in Sources */,
				9589F19327C86FE1003FEAE2 /* ContentView.swift in Sources */,
				95ACD31527DEADA800AA1953 /* Network.swift in Sources */,
				95ACD31727DEAE7A00AA1953 /* ParkingSpot.swift in Sources */,
				9589F19127C86FE1003FEAE2 /* smart_parkApp.swift in Sources */,
				176BDF8C27D18489000EF955 /* Back.swift in Sources */,
				1799E87128255ABA00749A3D /* Taken.swift in Sources */,
				176BDF8A27D183FA000EF955 /* Pin.swift in Sources */,
				1799E87328255AF100749A3D /* Open.swift in Sources */,
			);
			runOnlyForDeploymentPostprocessing = 0;
		};
/* End PBXSourcesBuildPhase section */

/* Begin XCBuildConfiguration section */
		9589F19927C86FE3003FEAE2 /* Debug */ = {
			isa = XCBuildConfiguration;
			buildSettings = {
				ALWAYS_SEARCH_USER_PATHS = NO;
				CLANG_ANALYZER_NONNULL = YES;
				CLANG_ANALYZER_NUMBER_OBJECT_CONVERSION = YES_AGGRESSIVE;
				CLANG_CXX_LANGUAGE_STANDARD = "gnu++17";
				CLANG_CXX_LIBRARY = "libc++";
				CLANG_ENABLE_MODULES = YES;
				CLANG_ENABLE_OBJC_ARC = YES;
				CLANG_ENABLE_OBJC_WEAK = YES;
				CLANG_WARN_BLOCK_CAPTURE_AUTORELEASING = YES;
				CLANG_WARN_BOOL_CONVERSION = YES;
				CLANG_WARN_COMMA = YES;
				CLANG_WARN_CONSTANT_CONVERSION = YES;
				CLANG_WARN_DEPRECATED_OBJC_IMPLEMENTATIONS = YES;
				CLANG_WARN_DIRECT_OBJC_ISA_USAGE = YES_ERROR;
				CLANG_WARN_DOCUMENTATION_COMMENTS = YES;
				CLANG_WARN_EMPTY_BODY = YES;
				CLANG_WARN_ENUM_CONVERSION = YES;
				CLANG_WARN_INFINITE_RECURSION = YES;
				CLANG_WARN_INT_CONVERSION = YES;
				CLANG_WARN_NON_LITERAL_NULL_CONVERSION = YES;
				CLANG_WARN_OBJC_IMPLICIT_RETAIN_SELF = YES;
				CLANG_WARN_OBJC_LITERAL_CONVERSION = YES;
				CLANG_WARN_OBJC_ROOT_CLASS = YES_ERROR;
				CLANG_WARN_QUOTED_INCLUDE_IN_FRAMEWORK_HEADER = YES;
				CLANG_WARN_RANGE_LOOP_ANALYSIS = YES;
				CLANG_WARN_STRICT_PROTOTYPES = YES;
				CLANG_WARN_SUSPICIOUS_MOVE = YES;
				CLANG_WARN_UNGUARDED_AVAILABILITY = YES_AGGRESSIVE;
				CLANG_WARN_UNREACHABLE_CODE = YES;
				CLANG_WARN__DUPLICATE_METHOD_MATCH = YES;
				COPY_PHASE_STRIP = NO;
				DEBUG_INFORMATION_FORMAT = dwarf;
				ENABLE_STRICT_OBJC_MSGSEND = YES;
				ENABLE_TESTABILITY = YES;
				GCC_C_LANGUAGE_STANDARD = gnu11;
				GCC_DYNAMIC_NO_PIC = NO;
				GCC_NO_COMMON_BLOCKS = YES;
				GCC_OPTIMIZATION_LEVEL = 0;
				GCC_PREPROCESSOR_DEFINITIONS = (
					"DEBUG=1",
					"$(inherited)",
				);
				GCC_WARN_64_TO_32_BIT_CONVERSION = YES;
				GCC_WARN_ABOUT_RETURN_TYPE = YES_ERROR;
				GCC_WARN_UNDECLARED_SELECTOR = YES;
				GCC_WARN_UNINITIALIZED_AUTOS = YES_AGGRESSIVE;
				GCC_WARN_UNUSED_FUNCTION = YES;
				GCC_WARN_UNUSED_VARIABLE = YES;
				IPHONEOS_DEPLOYMENT_TARGET = 15.0;
				MTL_ENABLE_DEBUG_INFO = INCLUDE_SOURCE;
				MTL_FAST_MATH = YES;
				ONLY_ACTIVE_ARCH = YES;
				SDKROOT = iphoneos;
				SWIFT_ACTIVE_COMPILATION_CONDITIONS = DEBUG;
				SWIFT_OPTIMIZATION_LEVEL = "-Onone";
			};
			name = Debug;
		};
		9589F19A27C86FE3003FEAE2 /* Release */ = {
			isa = XCBuildConfiguration;
			buildSettings = {
				ALWAYS_SEARCH_USER_PATHS = NO;
				CLANG_ANALYZER_NONNULL = YES;
				CLANG_ANALYZER_NUMBER_OBJECT_CONVERSION = YES_AGGRESSIVE;
				CLANG_CXX_LANGUAGE_STANDARD = "gnu++17";
				CLANG_CXX_LIBRARY = "libc++";
				CLANG_ENABLE_MODULES = YES;
				CLANG_ENABLE_OBJC_ARC = YES;
				CLANG_ENABLE_OBJC_WEAK = YES;
				CLANG_WARN_BLOCK_CAPTURE_AUTORELEASING = YES;
				CLANG_WARN_BOOL_CONVERSION = YES;
				CLANG_WARN_COMMA = YES;
				CLANG_WARN_CONSTANT_CONVERSION = YES;
				CLANG_WARN_DEPRECATED_OBJC_IMPLEMENTATIONS = YES;
				CLANG_WARN_DIRECT_OBJC_ISA_USAGE = YES_ERROR;
				CLANG_WARN_DOCUMENTATION_COMMENTS = YES;
				CLANG_WARN_EMPTY_BODY = YES;
				CLANG_WARN_ENUM_CONVERSION = YES;
				CLANG_WARN_INFINITE_RECURSION = YES;
				CLANG_WARN_INT_CONVERSION = YES;
				CLANG_WARN_NON_LITERAL_NULL_CONVERSION = YES;
				CLANG_WARN_OBJC_IMPLICIT_RETAIN_SELF = YES;
				CLANG_WARN_OBJC_LITERAL_CONVERSION = YES;
				CLANG_WARN_OBJC_ROOT_CLASS = YES_ERROR;
				CLANG_WARN_QUOTED_INCLUDE_IN_FRAMEWORK_HEADER = YES;
				CLANG_WARN_RANGE_LOOP_ANALYSIS = YES;
				CLANG_WARN_STRICT_PROTOTYPES = YES;
				CLANG_WARN_SUSPICIOUS_MOVE = YES;
				CLANG_WARN_UNGUARDED_AVAILABILITY = YES_AGGRESSIVE;
				CLANG_WARN_UNREACHABLE_CODE = YES;
				CLANG_WARN__DUPLICATE_METHOD_MATCH = YES;
				COPY_PHASE_STRIP = NO;
				DEBUG_INFORMATION_FORMAT = "dwarf-with-dsym";
				ENABLE_NS_ASSERTIONS = NO;
				ENABLE_STRICT_OBJC_MSGSEND = YES;
				GCC_C_LANGUAGE_STANDARD = gnu11;
				GCC_NO_COMMON_BLOCKS = YES;
				GCC_WARN_64_TO_32_BIT_CONVERSION = YES;
				GCC_WARN_ABOUT_RETURN_TYPE = YES_ERROR;
				GCC_WARN_UNDECLARED_SELECTOR = YES;
				GCC_WARN_UNINITIALIZED_AUTOS = YES_AGGRESSIVE;
				GCC_WARN_UNUSED_FUNCTION = YES;
				GCC_WARN_UNUSED_VARIABLE = YES;
				IPHONEOS_DEPLOYMENT_TARGET = 15.0;
				MTL_ENABLE_DEBUG_INFO = NO;
				MTL_FAST_MATH = YES;
				SDKROOT = iphoneos;
				SWIFT_COMPILATION_MODE = wholemodule;
				SWIFT_OPTIMIZATION_LEVEL = "-O";
				VALIDATE_PRODUCT = YES;
			};
			name = Release;
		};
		9589F19C27C86FE3003FEAE2 /* Debug */ = {
			isa = XCBuildConfiguration;
			buildSettings = {
				ASSETCATALOG_COMPILER_APPICON_NAME = AppIcon;
				ASSETCATALOG_COMPILER_GLOBAL_ACCENT_COLOR_NAME = AccentColor;
				CODE_SIGN_STYLE = Automatic;
				CURRENT_PROJECT_VERSION = 1;
				DEVELOPMENT_ASSET_PATHS = "\"smart-park/Preview Content\"";
				ENABLE_PREVIEWS = YES;
				GENERATE_INFOPLIST_FILE = YES;
				INFOPLIST_KEY_NSLocationWhenInUseUsageDescription = "This app needs your location to display on the map.";
				INFOPLIST_KEY_UIApplicationSceneManifest_Generation = YES;
				INFOPLIST_KEY_UIApplicationSupportsIndirectInputEvents = YES;
				INFOPLIST_KEY_UILaunchScreen_Generation = YES;
				INFOPLIST_KEY_UISupportedInterfaceOrientations_iPad = "UIInterfaceOrientationPortrait UIInterfaceOrientationPortraitUpsideDown UIInterfaceOrientationLandscapeLeft UIInterfaceOrientationLandscapeRight";
				INFOPLIST_KEY_UISupportedInterfaceOrientations_iPhone = "UIInterfaceOrientationPortrait UIInterfaceOrientationLandscapeLeft UIInterfaceOrientationLandscapeRight";
				LD_RUNPATH_SEARCH_PATHS = (
					"$(inherited)",
					"@executable_path/Frameworks",
				);
				MARKETING_VERSION = 1.0;
				PRODUCT_BUNDLE_IDENTIFIER = "teamSmartPark.smart-park";
				PRODUCT_NAME = "$(TARGET_NAME)";
				SWIFT_EMIT_LOC_STRINGS = YES;
				SWIFT_VERSION = 5.0;
				TARGETED_DEVICE_FAMILY = "1,2";
			};
			name = Debug;
		};
		9589F19D27C86FE3003FEAE2 /* Release */ = {
			isa = XCBuildConfiguration;
			buildSettings = {
				ASSETCATALOG_COMPILER_APPICON_NAME = AppIcon;
				ASSETCATALOG_COMPILER_GLOBAL_ACCENT_COLOR_NAME = AccentColor;
				CODE_SIGN_STYLE = Automatic;
				CURRENT_PROJECT_VERSION = 1;
				DEVELOPMENT_ASSET_PATHS = "\"smart-park/Preview Content\"";
				ENABLE_PREVIEWS = YES;
				GENERATE_INFOPLIST_FILE = YES;
				INFOPLIST_KEY_NSLocationWhenInUseUsageDescription = "This app needs your location to display on the map.";
				INFOPLIST_KEY_UIApplicationSceneManifest_Generation = YES;
				INFOPLIST_KEY_UIApplicationSupportsIndirectInputEvents = YES;
				INFOPLIST_KEY_UILaunchScreen_Generation = YES;
				INFOPLIST_KEY_UISupportedInterfaceOrientations_iPad = "UIInterfaceOrientationPortrait UIInterfaceOrientationPortraitUpsideDown UIInterfaceOrientationLandscapeLeft UIInterfaceOrientationLandscapeRight";
				INFOPLIST_KEY_UISupportedInterfaceOrientations_iPhone = "UIInterfaceOrientationPortrait UIInterfaceOrientationLandscapeLeft UIInterfaceOrientationLandscapeRight";
				LD_RUNPATH_SEARCH_PATHS = (
					"$(inherited)",
					"@executable_path/Frameworks",
				);
				MARKETING_VERSION = 1.0;
				PRODUCT_BUNDLE_IDENTIFIER = "teamSmartPark.smart-park";
				PRODUCT_NAME = "$(TARGET_NAME)";
				SWIFT_EMIT_LOC_STRINGS = YES;
				SWIFT_VERSION = 5.0;
				TARGETED_DEVICE_FAMILY = "1,2";
			};
			name = Release;
		};
/* End XCBuildConfiguration section */

/* Begin XCConfigurationList section */
		9589F18827C86FE1003FEAE2 /* Build configuration list for PBXProject "smart-park" */ = {
			isa = XCConfigurationList;
			buildConfigurations = (
				9589F19927C86FE3003FEAE2 /* Debug */,
				9589F19A27C86FE3003FEAE2 /* Release */,
			);
			defaultConfigurationIsVisible = 0;
			defaultConfigurationName = Release;
		};
		9589F19B27C86FE3003FEAE2 /* Build configuration list for PBXNativeTarget "smart-park" */ = {
			isa = XCConfigurationList;
			buildConfigurations = (
				9589F19C27C86FE3003FEAE2 /* Debug */,
				9589F19D27C86FE3003FEAE2 /* Release */,
			);
			defaultConfigurationIsVisible = 0;
			defaultConfigurationName = Release;
		};
/* End XCConfigurationList section */
	};
	rootObject = 9589F18527C86FE1003FEAE2 /* Project object */;
}
